# This file is automatically @generated by Cargo.
# It is not intended for manual editing.
version = 3

[[package]]
name = "i18n"
version = "0.1.0"
source = "git+https://github.com/shipsimfan/lib-i18n#f8e700d77b6b1fc37a6762ef25ab434b83727a4e"
dependencies = [
 "win32",
]

[[package]]
name = "proc-macro-util"
version = "0.1.0"
dependencies = [
 "proc-macro-util-base",
 "proc-macro-util-macros",
]

[[package]]
name = "proc-macro-util-base"
version = "0.1.0"
dependencies = [
 "i18n",
]

[[package]]
name = "proc-macro-util-macros"
version = "0.1.0"
dependencies = [
 "proc-macro-util-base",
]

[[package]]
name = "win32"
version = "0.1.0"
source = "git+https://github.com/shipsimfan/lib-win32#3e9f51544b799dfab898ac657725ba781f0d9241"
