# This file is automatically @generated by Cargo.
# It is not intended for manual editing.
version = 3

[[package]]
name = "i18n"
version = "0.1.0"
source = "git+https://github.com/shipsimfan/lib-i18n#df2d3b5b90db2e5d250b52039b706a1e9e654221"

[[package]]
name = "proc-macro-util"
version = "0.1.0"
dependencies = [
 "proc-macro-util-base",
 "proc-macro-util-macros",
]

[[package]]
name = "proc-macro-util-base"
version = "0.1.0"
dependencies = [
 "i18n",
]

[[package]]
name = "proc-macro-util-macros"
version = "0.1.0"
dependencies = [
 "proc-macro-util-base",
]
